PODS:
  - DACircularProgress (2.3.1)
  - Expecta (1.0.6)
  - Expecta+Snapshots (2.0.0):
    - Expecta (~> 1.0)
    - FBSnapshotTestCase/Core (~> 2.0.3)
  - FBSnapshotTestCase (2.0.7):
    - FBSnapshotTestCase/SwiftSupport (= 2.0.7)
  - FBSnapshotTestCase/Core (2.0.7)
  - FBSnapshotTestCase/SwiftSupport (2.0.7):
    - FBSnapshotTestCase/Core
  - MBProgressHUD (1.0.0)
  - MWPhotoBrowser (2.1.2.1):
    - DACircularProgress (~> 2.3)
    - MBProgressHUD (~> 1.0.0)
    - SDWebImage (~> 4.0)
  - SDWebImage (4.0.0):
    - SDWebImage/Core (= 4.0.0)
  - SDWebImage/Core (4.0.0)
  - Specta (1.0.6)

DEPENDENCIES:
  - Expecta
  - Expecta+Snapshots
  - FBSnapshotTestCase
  - MWPhotoBrowser (from `../`)
  - Specta

EXTERNAL SOURCES:
  MWPhotoBrowser:
    :path: ../

SPEC CHECKSUMS:
  DACircularProgress: 4dd437c0fc3da5161cb289e07ac449493d41db71
  Expecta: 3b6bd90a64b9a1dcb0b70aa0e10a7f8f631667d5
  Expecta+Snapshots: 29b38dd695bc72a0ed2bea833937d78df41943ba
  FBSnapshotTestCase: 7e85180d0d141a0cf472352edda7e80d7eaeb547
  MBProgressHUD: 4890f671c94e8a0f3cf959aa731e9de2f036d71a
  MWPhotoBrowser: ac1841e9ca7cc0102a3e65dfa699f1598ab6b97a
  SDWebImage: 76a6348bdc74eb5a55dd08a091ef298e56b55e41
  Specta: f506f3a8361de16bc0dcf3b17b75e269072ba465

PODFILE CHECKSUM: 224dfa218add06d33581ed929244ca41d6e9c969

COCOAPODS: 1.2.1
